
Microsoft Visual Studio Solution File, Format Version 12.00
# Visual Studio Version 16
VisualStudioVersion = 16.0.29728.190
MinimumVisualStudioVersion = 10.0.40219.1
Project("{FAE04EC0-301F-11D3-BF4B-00C04F79EFBC}") = "TodoBackend", "TodoBackend\TodoBackend.csproj", "{C2CF186F-1569-46E1-ADA6-825E1E779464}"
EndProject
Global
	GlobalSection(SolutionConfigurationPlatforms) = preSolution
		Debug|Any CPU = Debug|Any CPU
		Release|Any CPU = Release|Any CPU
	EndGlobalSection
	GlobalSection(ProjectConfigurationPlatforms) = postSolution
		{C2CF186F-1569-46E1-ADA6-825E1E779464}.Debug|Any CPU.ActiveCfg = Debug|Any CPU
		{C2CF186F-1569-46E1-ADA6-825E1E779464}.Debug|Any CPU.Build.0 = Debug|Any CPU
		{C2CF186F-1569-46E1-ADA6-825E1E779464}.Release|Any CPU.ActiveCfg = Release|Any CPU
		{C2CF186F-1569-46E1-ADA6-825E1E779464}.Release|Any CPU.Build.0 = Release|Any CPU
	EndGlobalSection
	GlobalSection(SolutionProperties) = preSolution
		HideSolutionNode = FALSE
	EndGlobalSection
	GlobalSection(ExtensibilityGlobals) = postSolution
		SolutionGuid = {B7A5AD8D-41CC-453E-9393-6E47EE16842F}
	EndGlobalSection
EndGlobal
